
Microsoft Visual Studio Solution File, Format Version 12.00
# Visual Studio 15
Project("{FAE04EC0-301F-11D3-BF4B-00C04F79EFBC}") = "Assembly-CSharp", "Assembly-CSharp.csproj", "{262ADD92-A191-47BF-C900-C677C8B6621F}"
EndProject
Project("{FAE04EC0-301F-11D3-BF4B-00C04F79EFBC}") = "Assembly-CSharp-Editor", "Assembly-CSharp-Editor.csproj", "{BEBCFD95-8C92-E82C-8BE6-990891917E74}"
EndProject
Global
	GlobalSection(SolutionConfigurationPlatforms) = preSolution
		Debug|Any CPU = Debug|Any CPU
		Release|Any CPU = Release|Any CPU
	EndGlobalSection
	GlobalSection(ProjectConfigurationPlatforms) = postSolution
		{262ADD92-A191-47BF-C900-C677C8B6621F}.Debug|Any CPU.ActiveCfg = Debug|Any CPU
		{262ADD92-A191-47BF-C900-C677C8B6621F}.Debug|Any CPU.Build.0 = Debug|Any CPU
		{262ADD92-A191-47BF-C900-C677C8B6621F}.Release|Any CPU.ActiveCfg = Release|Any CPU
		{262ADD92-A191-47BF-C900-C677C8B6621F}.Release|Any CPU.Build.0 = Release|Any CPU
		{BEBCFD95-8C92-E82C-8BE6-990891917E74}.Debug|Any CPU.ActiveCfg = Debug|Any CPU
		{BEBCFD95-8C92-E82C-8BE6-990891917E74}.Debug|Any CPU.Build.0 = Debug|Any CPU
		{BEBCFD95-8C92-E82C-8BE6-990891917E74}.Release|Any CPU.ActiveCfg = Release|Any CPU
		{BEBCFD95-8C92-E82C-8BE6-990891917E74}.Release|Any CPU.Build.0 = Release|Any CPU
	EndGlobalSection
	GlobalSection(SolutionProperties) = preSolution
		HideSolutionNode = FALSE
	EndGlobalSection
	GlobalSection(MonoDevelopProperties) = preSolution
		StartupItem = Assembly-CSharp.csproj
	EndGlobalSection
EndGlobal
