
Microsoft Visual Studio Solution File, Format Version 12.00
# Visual Studio 15
Project("{FAE04EC0-301F-11D3-BF4B-00C04F79EFBC}") = "Assembly-CSharp", "Assembly-CSharp.csproj", "{34CE5F9F-8056-2844-0792-BEEF1B9BD7CE}"
EndProject
Project("{FAE04EC0-301F-11D3-BF4B-00C04F79EFBC}") = "Assembly-CSharp-Editor", "Assembly-CSharp-Editor.csproj", "{68A1CC7E-59E5-9EC8-A176-BB1132A2C7FE}"
EndProject
Global
	GlobalSection(SolutionConfigurationPlatforms) = preSolution
		Debug|Any CPU = Debug|Any CPU
		Release|Any CPU = Release|Any CPU
	EndGlobalSection
	GlobalSection(ProjectConfigurationPlatforms) = postSolution
		{34CE5F9F-8056-2844-0792-BEEF1B9BD7CE}.Debug|Any CPU.ActiveCfg = Debug|Any CPU
		{34CE5F9F-8056-2844-0792-BEEF1B9BD7CE}.Debug|Any CPU.Build.0 = Debug|Any CPU
		{34CE5F9F-8056-2844-0792-BEEF1B9BD7CE}.Release|Any CPU.ActiveCfg = Release|Any CPU
		{34CE5F9F-8056-2844-0792-BEEF1B9BD7CE}.Release|Any CPU.Build.0 = Release|Any CPU
		{68A1CC7E-59E5-9EC8-A176-BB1132A2C7FE}.Debug|Any CPU.ActiveCfg = Debug|Any CPU
		{68A1CC7E-59E5-9EC8-A176-BB1132A2C7FE}.Debug|Any CPU.Build.0 = Debug|Any CPU
		{68A1CC7E-59E5-9EC8-A176-BB1132A2C7FE}.Release|Any CPU.ActiveCfg = Release|Any CPU
		{68A1CC7E-59E5-9EC8-A176-BB1132A2C7FE}.Release|Any CPU.Build.0 = Release|Any CPU
	EndGlobalSection
	GlobalSection(SolutionProperties) = preSolution
		HideSolutionNode = FALSE
	EndGlobalSection
EndGlobal
